<?xml version="1.0" encoding="UTF-8"?>
<Project ToolsVersion="12.0" xmlns="http://schemas.microsoft.com/developer/msbuild/2003">
  <ItemGroup>
    <ClCompile Include="D:\KIT\Erstsemester\Pratikum_GPU Computing\Assignment3\Assignment3\Common\CAssignmentBase.cpp">
      <Filter>Source Files</Filter>
    </ClCompile>
    <ClCompile Include="D:\KIT\Erstsemester\Pratikum_GPU Computing\Assignment3\Assignment3\Common\CLUtil.cpp">
      <Filter>Source Files</Filter>
    </ClCompile>
    <ClCompile Include="D:\KIT\Erstsemester\Pratikum_GPU Computing\Assignment3\Assignment3\Common\CTimer.cpp">
      <Filter>Source Files</Filter>
    </ClCompile>
  </ItemGroup>
  <ItemGroup>
    <ClInclude Include="D:\KIT\Erstsemester\Pratikum_GPU Computing\Assignment3\Assignment3\Common\CAssignmentBase.h">
      <Filter>Header Files</Filter>
    </ClInclude>
    <ClInclude Include="D:\KIT\Erstsemester\Pratikum_GPU Computing\Assignment3\Assignment3\Common\CLUtil.h">
      <Filter>Header Files</Filter>
    </ClInclude>
    <ClInclude Include="D:\KIT\Erstsemester\Pratikum_GPU Computing\Assignment3\Assignment3\Common\CTimer.h">
      <Filter>Header Files</Filter>
    </ClInclude>
    <ClInclude Include="D:\KIT\Erstsemester\Pratikum_GPU Computing\Assignment3\Assignment3\Common\CommonDefs.h">
      <Filter>Header Files</Filter>
    </ClInclude>
    <ClInclude Include="D:\KIT\Erstsemester\Pratikum_GPU Computing\Assignment3\Assignment3\Common\IComputeTask.h">
      <Filter>Header Files</Filter>
    </ClInclude>
    <ClInclude Include="D:\KIT\Erstsemester\Pratikum_GPU Computing\Assignment3\Assignment3\Common\IGUIEnabledComputeTask.h">
      <Filter>Header Files</Filter>
    </ClInclude>
  </ItemGroup>
  <ItemGroup>
    <CustomBuild Include="D:\KIT\Erstsemester\Pratikum_GPU Computing\Assignment3\Assignment3\Common\CMakeLists.txt" />
  </ItemGroup>
  <ItemGroup>
    <Filter Include="Source Files">
      <UniqueIdentifier>{046103F7-AB8B-3525-BDB3-60732FB77B64}</UniqueIdentifier>
    </Filter>
    <Filter Include="Header Files">
      <UniqueIdentifier>{5C84DFEF-BE3B-30DC-B130-9E8BBB016565}</UniqueIdentifier>
    </Filter>
  </ItemGroup>
</Project>
