<?xml version="1.0" encoding="UTF-8"?>
<Project ToolsVersion="12.0" xmlns="http://schemas.microsoft.com/developer/msbuild/2003">
  <ItemGroup>
    <ClCompile Include="D:\KIT\Erstsemester\Pratikum_GPU Computing\Assignment3\Assignment3\Assignment3\CAssignment3.cpp">
      <Filter>Source Files</Filter>
    </ClCompile>
    <ClCompile Include="D:\KIT\Erstsemester\Pratikum_GPU Computing\Assignment3\Assignment3\Assignment3\CConvolution3x3Task.cpp">
      <Filter>Source Files</Filter>
    </ClCompile>
    <ClCompile Include="D:\KIT\Erstsemester\Pratikum_GPU Computing\Assignment3\Assignment3\Assignment3\CConvolutionBilateralTask.cpp">
      <Filter>Source Files</Filter>
    </ClCompile>
    <ClCompile Include="D:\KIT\Erstsemester\Pratikum_GPU Computing\Assignment3\Assignment3\Assignment3\CConvolutionSeparableTask.cpp">
      <Filter>Source Files</Filter>
    </ClCompile>
    <ClCompile Include="D:\KIT\Erstsemester\Pratikum_GPU Computing\Assignment3\Assignment3\Assignment3\CConvolutionTaskBase.cpp">
      <Filter>Source Files</Filter>
    </ClCompile>
    <ClCompile Include="D:\KIT\Erstsemester\Pratikum_GPU Computing\Assignment3\Assignment3\Assignment3\CHistogramTask.cpp">
      <Filter>Source Files</Filter>
    </ClCompile>
    <ClCompile Include="D:\KIT\Erstsemester\Pratikum_GPU Computing\Assignment3\Assignment3\Assignment3\Pfm.cpp">
      <Filter>Source Files</Filter>
    </ClCompile>
    <ClCompile Include="D:\KIT\Erstsemester\Pratikum_GPU Computing\Assignment3\Assignment3\Assignment3\main.cpp">
      <Filter>Source Files</Filter>
    </ClCompile>
  </ItemGroup>
  <ItemGroup>
    <ClInclude Include="D:\KIT\Erstsemester\Pratikum_GPU Computing\Assignment3\Assignment3\Assignment3\CAssignment3.h">
      <Filter>Header Files</Filter>
    </ClInclude>
    <ClInclude Include="D:\KIT\Erstsemester\Pratikum_GPU Computing\Assignment3\Assignment3\Assignment3\CConvolution3x3Task.h">
      <Filter>Header Files</Filter>
    </ClInclude>
    <ClInclude Include="D:\KIT\Erstsemester\Pratikum_GPU Computing\Assignment3\Assignment3\Assignment3\CConvolutionBilateralTask.h">
      <Filter>Header Files</Filter>
    </ClInclude>
    <ClInclude Include="D:\KIT\Erstsemester\Pratikum_GPU Computing\Assignment3\Assignment3\Assignment3\CConvolutionSeparableTask.h">
      <Filter>Header Files</Filter>
    </ClInclude>
    <ClInclude Include="D:\KIT\Erstsemester\Pratikum_GPU Computing\Assignment3\Assignment3\Assignment3\CConvolutionTaskBase.h">
      <Filter>Header Files</Filter>
    </ClInclude>
    <ClInclude Include="D:\KIT\Erstsemester\Pratikum_GPU Computing\Assignment3\Assignment3\Assignment3\CHistogramTask.h">
      <Filter>Header Files</Filter>
    </ClInclude>
    <ClInclude Include="D:\KIT\Erstsemester\Pratikum_GPU Computing\Assignment3\Assignment3\Assignment3\Pfm.h">
      <Filter>Header Files</Filter>
    </ClInclude>
  </ItemGroup>
  <ItemGroup>
    <CustomBuild Include="D:\KIT\Erstsemester\Pratikum_GPU Computing\Assignment3\Assignment3\Assignment3\CMakeLists.txt" />
  </ItemGroup>
  <ItemGroup>
    <None Include="D:\KIT\Erstsemester\Pratikum_GPU Computing\Assignment3\Assignment3\Assignment3\Convolution3x3.cl" />
    <None Include="D:\KIT\Erstsemester\Pratikum_GPU Computing\Assignment3\Assignment3\Assignment3\ConvolutionBilateral.cl" />
    <None Include="D:\KIT\Erstsemester\Pratikum_GPU Computing\Assignment3\Assignment3\Assignment3\ConvolutionSeparable.cl" />
    <None Include="D:\KIT\Erstsemester\Pratikum_GPU Computing\Assignment3\Assignment3\Assignment3\histogram.cl" />
  </ItemGroup>
  <ItemGroup>
    <Filter Include="Source Files">
      <UniqueIdentifier>{046103F7-AB8B-3525-BDB3-60732FB77B64}</UniqueIdentifier>
    </Filter>
    <Filter Include="Header Files">
      <UniqueIdentifier>{5C84DFEF-BE3B-30DC-B130-9E8BBB016565}</UniqueIdentifier>
    </Filter>
  </ItemGroup>
</Project>
