Microsoft Visual Studio Solution File, Format Version 12.00
# Visual Studio 2013
Project("{8BC9CEB8-8B4A-11D0-8D11-00A0C91BC942}") = "ALL_BUILD", "ALL_BUILD.vcxproj", "{CC6C0A86-EBA9-36B1-8FDE-A0E7E14DEFFB}"
	ProjectSection(ProjectDependencies) = postProject
		{760C65C2-10A2-3F7B-AD72-3CF01540971E} = {760C65C2-10A2-3F7B-AD72-3CF01540971E}
		{9C524A66-591B-37CE-BED1-209C130A276A} = {9C524A66-591B-37CE-BED1-209C130A276A}
		{E3DAE228-AAAB-3C43-A623-B54D5E4076F9} = {E3DAE228-AAAB-3C43-A623-B54D5E4076F9}
	EndProjectSection
EndProject
Project("{8BC9CEB8-8B4A-11D0-8D11-00A0C91BC942}") = "Assignment", "Assignment.vcxproj", "{760C65C2-10A2-3F7B-AD72-3CF01540971E}"
	ProjectSection(ProjectDependencies) = postProject
		{9C524A66-591B-37CE-BED1-209C130A276A} = {9C524A66-591B-37CE-BED1-209C130A276A}
		{E3DAE228-AAAB-3C43-A623-B54D5E4076F9} = {E3DAE228-AAAB-3C43-A623-B54D5E4076F9}
	EndProjectSection
EndProject
Project("{8BC9CEB8-8B4A-11D0-8D11-00A0C91BC942}") = "GPUCommon", "Common\GPUCommon.vcxproj", "{9C524A66-591B-37CE-BED1-209C130A276A}"
	ProjectSection(ProjectDependencies) = postProject
		{E3DAE228-AAAB-3C43-A623-B54D5E4076F9} = {E3DAE228-AAAB-3C43-A623-B54D5E4076F9}
	EndProjectSection
EndProject
Project("{8BC9CEB8-8B4A-11D0-8D11-00A0C91BC942}") = "ZERO_CHECK", "ZERO_CHECK.vcxproj", "{E3DAE228-AAAB-3C43-A623-B54D5E4076F9}"
	ProjectSection(ProjectDependencies) = postProject
	EndProjectSection
EndProject
Global
	GlobalSection(SolutionConfigurationPlatforms) = preSolution
		Debug|Win32 = Debug|Win32
		Release|Win32 = Release|Win32
		MinSizeRel|Win32 = MinSizeRel|Win32
		RelWithDebInfo|Win32 = RelWithDebInfo|Win32
	EndGlobalSection
	GlobalSection(ProjectConfigurationPlatforms) = postSolution
		{CC6C0A86-EBA9-36B1-8FDE-A0E7E14DEFFB}.Debug|Win32.ActiveCfg = Debug|Win32
		{CC6C0A86-EBA9-36B1-8FDE-A0E7E14DEFFB}.Release|Win32.ActiveCfg = Release|Win32
		{CC6C0A86-EBA9-36B1-8FDE-A0E7E14DEFFB}.MinSizeRel|Win32.ActiveCfg = MinSizeRel|Win32
		{CC6C0A86-EBA9-36B1-8FDE-A0E7E14DEFFB}.RelWithDebInfo|Win32.ActiveCfg = RelWithDebInfo|Win32
		{760C65C2-10A2-3F7B-AD72-3CF01540971E}.Debug|Win32.ActiveCfg = Debug|Win32
		{760C65C2-10A2-3F7B-AD72-3CF01540971E}.Debug|Win32.Build.0 = Debug|Win32
		{760C65C2-10A2-3F7B-AD72-3CF01540971E}.Release|Win32.ActiveCfg = Release|Win32
		{760C65C2-10A2-3F7B-AD72-3CF01540971E}.Release|Win32.Build.0 = Release|Win32
		{760C65C2-10A2-3F7B-AD72-3CF01540971E}.MinSizeRel|Win32.ActiveCfg = MinSizeRel|Win32
		{760C65C2-10A2-3F7B-AD72-3CF01540971E}.MinSizeRel|Win32.Build.0 = MinSizeRel|Win32
		{760C65C2-10A2-3F7B-AD72-3CF01540971E}.RelWithDebInfo|Win32.ActiveCfg = RelWithDebInfo|Win32
		{760C65C2-10A2-3F7B-AD72-3CF01540971E}.RelWithDebInfo|Win32.Build.0 = RelWithDebInfo|Win32
		{9C524A66-591B-37CE-BED1-209C130A276A}.Debug|Win32.ActiveCfg = Debug|Win32
		{9C524A66-591B-37CE-BED1-209C130A276A}.Debug|Win32.Build.0 = Debug|Win32
		{9C524A66-591B-37CE-BED1-209C130A276A}.Release|Win32.ActiveCfg = Release|Win32
		{9C524A66-591B-37CE-BED1-209C130A276A}.Release|Win32.Build.0 = Release|Win32
		{9C524A66-591B-37CE-BED1-209C130A276A}.MinSizeRel|Win32.ActiveCfg = MinSizeRel|Win32
		{9C524A66-591B-37CE-BED1-209C130A276A}.MinSizeRel|Win32.Build.0 = MinSizeRel|Win32
		{9C524A66-591B-37CE-BED1-209C130A276A}.RelWithDebInfo|Win32.ActiveCfg = RelWithDebInfo|Win32
		{9C524A66-591B-37CE-BED1-209C130A276A}.RelWithDebInfo|Win32.Build.0 = RelWithDebInfo|Win32
		{E3DAE228-AAAB-3C43-A623-B54D5E4076F9}.Debug|Win32.ActiveCfg = Debug|Win32
		{E3DAE228-AAAB-3C43-A623-B54D5E4076F9}.Debug|Win32.Build.0 = Debug|Win32
		{E3DAE228-AAAB-3C43-A623-B54D5E4076F9}.Release|Win32.ActiveCfg = Release|Win32
		{E3DAE228-AAAB-3C43-A623-B54D5E4076F9}.Release|Win32.Build.0 = Release|Win32
		{E3DAE228-AAAB-3C43-A623-B54D5E4076F9}.MinSizeRel|Win32.ActiveCfg = MinSizeRel|Win32
		{E3DAE228-AAAB-3C43-A623-B54D5E4076F9}.MinSizeRel|Win32.Build.0 = MinSizeRel|Win32
		{E3DAE228-AAAB-3C43-A623-B54D5E4076F9}.RelWithDebInfo|Win32.ActiveCfg = RelWithDebInfo|Win32
		{E3DAE228-AAAB-3C43-A623-B54D5E4076F9}.RelWithDebInfo|Win32.Build.0 = RelWithDebInfo|Win32
	EndGlobalSection
	GlobalSection(ExtensibilityGlobals) = postSolution
	EndGlobalSection
	GlobalSection(ExtensibilityAddIns) = postSolution
	EndGlobalSection
EndGlobal
