<?xml version="1.0" encoding="UTF-8"?>
<Project ToolsVersion="12.0" xmlns="http://schemas.microsoft.com/developer/msbuild/2003">
  <ItemGroup>
    <CustomBuild Include="D:\KIT\Erstsemester\Pratikum_GPU Computing\Assignment4\Assignment4.build\CMakeFiles\bd42f3e5e0766ad665ee13fa03688c06\PACKAGE_force.rule">
      <Filter>CMake Rules</Filter>
    </CustomBuild>
  </ItemGroup>
  <ItemGroup>
    <Filter Include="CMake Rules">
      <UniqueIdentifier>{A1B6AB44-6BAB-32A1-B598-9D3611C66D27}</UniqueIdentifier>
    </Filter>
  </ItemGroup>
</Project>
