Microsoft Visual Studio Solution File, Format Version 12.00
# Visual Studio 2013
Project("{8BC9CEB8-8B4A-11D0-8D11-00A0C91BC942}") = "ALL_BUILD", "ALL_BUILD.vcxproj", "{9BCD21B6-222B-3FD6-95BC-DA318E9A57B0}"
	ProjectSection(ProjectDependencies) = postProject
		{BDAF54D7-25E7-3D89-BD36-319EA108795B} = {BDAF54D7-25E7-3D89-BD36-319EA108795B}
		{6B141953-158B-3E23-97FB-8E1B5CFAB74D} = {6B141953-158B-3E23-97FB-8E1B5CFAB74D}
	EndProjectSection
EndProject
Project("{8BC9CEB8-8B4A-11D0-8D11-00A0C91BC942}") = "INSTALL", "INSTALL.vcxproj", "{1C3EE2E8-F7EF-36F4-8D79-6AA501071D3F}"
	ProjectSection(ProjectDependencies) = postProject
		{9BCD21B6-222B-3FD6-95BC-DA318E9A57B0} = {9BCD21B6-222B-3FD6-95BC-DA318E9A57B0}
		{BDAF54D7-25E7-3D89-BD36-319EA108795B} = {BDAF54D7-25E7-3D89-BD36-319EA108795B}
	EndProjectSection
EndProject
Project("{8BC9CEB8-8B4A-11D0-8D11-00A0C91BC942}") = "PACKAGE", "PACKAGE.vcxproj", "{6D0F4487-8D5F-3B92-8900-899C974A0CDD}"
	ProjectSection(ProjectDependencies) = postProject
		{9BCD21B6-222B-3FD6-95BC-DA318E9A57B0} = {9BCD21B6-222B-3FD6-95BC-DA318E9A57B0}
		{BDAF54D7-25E7-3D89-BD36-319EA108795B} = {BDAF54D7-25E7-3D89-BD36-319EA108795B}
	EndProjectSection
EndProject
Project("{8BC9CEB8-8B4A-11D0-8D11-00A0C91BC942}") = "ZERO_CHECK", "..\\ZERO_CHECK.vcxproj", "{BDAF54D7-25E7-3D89-BD36-319EA108795B}"
	ProjectSection(ProjectDependencies) = postProject
	EndProjectSection
EndProject
Project("{8BC9CEB8-8B4A-11D0-8D11-00A0C91BC942}") = "glfw", "src\glfw.vcxproj", "{6B141953-158B-3E23-97FB-8E1B5CFAB74D}"
	ProjectSection(ProjectDependencies) = postProject
		{BDAF54D7-25E7-3D89-BD36-319EA108795B} = {BDAF54D7-25E7-3D89-BD36-319EA108795B}
	EndProjectSection
EndProject
Global
	GlobalSection(SolutionConfigurationPlatforms) = preSolution
		Debug|Win32 = Debug|Win32
		Release|Win32 = Release|Win32
		MinSizeRel|Win32 = MinSizeRel|Win32
		RelWithDebInfo|Win32 = RelWithDebInfo|Win32
	EndGlobalSection
	GlobalSection(ProjectConfigurationPlatforms) = postSolution
		{9BCD21B6-222B-3FD6-95BC-DA318E9A57B0}.Debug|Win32.ActiveCfg = Debug|Win32
		{9BCD21B6-222B-3FD6-95BC-DA318E9A57B0}.Debug|Win32.Build.0 = Debug|Win32
		{9BCD21B6-222B-3FD6-95BC-DA318E9A57B0}.Release|Win32.ActiveCfg = Release|Win32
		{9BCD21B6-222B-3FD6-95BC-DA318E9A57B0}.Release|Win32.Build.0 = Release|Win32
		{9BCD21B6-222B-3FD6-95BC-DA318E9A57B0}.MinSizeRel|Win32.ActiveCfg = MinSizeRel|Win32
		{9BCD21B6-222B-3FD6-95BC-DA318E9A57B0}.MinSizeRel|Win32.Build.0 = MinSizeRel|Win32
		{9BCD21B6-222B-3FD6-95BC-DA318E9A57B0}.RelWithDebInfo|Win32.ActiveCfg = RelWithDebInfo|Win32
		{9BCD21B6-222B-3FD6-95BC-DA318E9A57B0}.RelWithDebInfo|Win32.Build.0 = RelWithDebInfo|Win32
		{1C3EE2E8-F7EF-36F4-8D79-6AA501071D3F}.Debug|Win32.ActiveCfg = Debug|Win32
		{1C3EE2E8-F7EF-36F4-8D79-6AA501071D3F}.Release|Win32.ActiveCfg = Release|Win32
		{1C3EE2E8-F7EF-36F4-8D79-6AA501071D3F}.MinSizeRel|Win32.ActiveCfg = MinSizeRel|Win32
		{1C3EE2E8-F7EF-36F4-8D79-6AA501071D3F}.RelWithDebInfo|Win32.ActiveCfg = RelWithDebInfo|Win32
		{6D0F4487-8D5F-3B92-8900-899C974A0CDD}.Debug|Win32.ActiveCfg = Debug|Win32
		{6D0F4487-8D5F-3B92-8900-899C974A0CDD}.Release|Win32.ActiveCfg = Release|Win32
		{6D0F4487-8D5F-3B92-8900-899C974A0CDD}.MinSizeRel|Win32.ActiveCfg = MinSizeRel|Win32
		{6D0F4487-8D5F-3B92-8900-899C974A0CDD}.RelWithDebInfo|Win32.ActiveCfg = RelWithDebInfo|Win32
		{BDAF54D7-25E7-3D89-BD36-319EA108795B}.Debug|Win32.ActiveCfg = Debug|Win32
		{BDAF54D7-25E7-3D89-BD36-319EA108795B}.Debug|Win32.Build.0 = Debug|Win32
		{BDAF54D7-25E7-3D89-BD36-319EA108795B}.Release|Win32.ActiveCfg = Release|Win32
		{BDAF54D7-25E7-3D89-BD36-319EA108795B}.Release|Win32.Build.0 = Release|Win32
		{BDAF54D7-25E7-3D89-BD36-319EA108795B}.MinSizeRel|Win32.ActiveCfg = MinSizeRel|Win32
		{BDAF54D7-25E7-3D89-BD36-319EA108795B}.MinSizeRel|Win32.Build.0 = MinSizeRel|Win32
		{BDAF54D7-25E7-3D89-BD36-319EA108795B}.RelWithDebInfo|Win32.ActiveCfg = RelWithDebInfo|Win32
		{BDAF54D7-25E7-3D89-BD36-319EA108795B}.RelWithDebInfo|Win32.Build.0 = RelWithDebInfo|Win32
		{6B141953-158B-3E23-97FB-8E1B5CFAB74D}.Debug|Win32.ActiveCfg = Debug|Win32
		{6B141953-158B-3E23-97FB-8E1B5CFAB74D}.Debug|Win32.Build.0 = Debug|Win32
		{6B141953-158B-3E23-97FB-8E1B5CFAB74D}.Release|Win32.ActiveCfg = Release|Win32
		{6B141953-158B-3E23-97FB-8E1B5CFAB74D}.Release|Win32.Build.0 = Release|Win32
		{6B141953-158B-3E23-97FB-8E1B5CFAB74D}.MinSizeRel|Win32.ActiveCfg = MinSizeRel|Win32
		{6B141953-158B-3E23-97FB-8E1B5CFAB74D}.MinSizeRel|Win32.Build.0 = MinSizeRel|Win32
		{6B141953-158B-3E23-97FB-8E1B5CFAB74D}.RelWithDebInfo|Win32.ActiveCfg = RelWithDebInfo|Win32
		{6B141953-158B-3E23-97FB-8E1B5CFAB74D}.RelWithDebInfo|Win32.Build.0 = RelWithDebInfo|Win32
	EndGlobalSection
	GlobalSection(ExtensibilityGlobals) = postSolution
	EndGlobalSection
	GlobalSection(ExtensibilityAddIns) = postSolution
	EndGlobalSection
EndGlobal
