<?xml version="1.0" encoding="UTF-8"?>
<Project ToolsVersion="12.0" xmlns="http://schemas.microsoft.com/developer/msbuild/2003">
  <ItemGroup>
    <ClCompile Include="D:\KIT\Erstsemester\Pratikum_GPU Computing\Assignment1\Common\CAssignmentBase.cpp">
      <Filter>Source Files</Filter>
    </ClCompile>
    <ClCompile Include="D:\KIT\Erstsemester\Pratikum_GPU Computing\Assignment1\Common\CLUtil.cpp">
      <Filter>Source Files</Filter>
    </ClCompile>
    <ClCompile Include="D:\KIT\Erstsemester\Pratikum_GPU Computing\Assignment1\Common\CTimer.cpp">
      <Filter>Source Files</Filter>
    </ClCompile>
  </ItemGroup>
  <ItemGroup>
    <ClInclude Include="D:\KIT\Erstsemester\Pratikum_GPU Computing\Assignment1\Common\CAssignmentBase.h">
      <Filter>Header Files</Filter>
    </ClInclude>
    <ClInclude Include="D:\KIT\Erstsemester\Pratikum_GPU Computing\Assignment1\Common\CLUtil.h">
      <Filter>Header Files</Filter>
    </ClInclude>
    <ClInclude Include="D:\KIT\Erstsemester\Pratikum_GPU Computing\Assignment1\Common\CTimer.h">
      <Filter>Header Files</Filter>
    </ClInclude>
    <ClInclude Include="D:\KIT\Erstsemester\Pratikum_GPU Computing\Assignment1\Common\CommonDefs.h">
      <Filter>Header Files</Filter>
    </ClInclude>
    <ClInclude Include="D:\KIT\Erstsemester\Pratikum_GPU Computing\Assignment1\Common\IComputeTask.h">
      <Filter>Header Files</Filter>
    </ClInclude>
    <ClInclude Include="D:\KIT\Erstsemester\Pratikum_GPU Computing\Assignment1\Common\IGUIEnabledComputeTask.h">
      <Filter>Header Files</Filter>
    </ClInclude>
  </ItemGroup>
  <ItemGroup>
    <CustomBuild Include="D:\KIT\Erstsemester\Pratikum_GPU Computing\Assignment1\Common\CMakeLists.txt" />
  </ItemGroup>
  <ItemGroup>
    <Filter Include="Source Files">
      <UniqueIdentifier>{4EE9C3E1-7E1D-3529-9C56-8EA94A4A9CFA}</UniqueIdentifier>
    </Filter>
    <Filter Include="Header Files">
      <UniqueIdentifier>{9A11CB28-36BF-385E-92E4-5E14DE24653D}</UniqueIdentifier>
    </Filter>
  </ItemGroup>
</Project>
