<?xml version="1.0" encoding="UTF-8"?>
<Project ToolsVersion="12.0" xmlns="http://schemas.microsoft.com/developer/msbuild/2003">
  <ItemGroup>
    <ClCompile Include="D:\KIT\Erstsemester\Pratikum_GPU Computing\Assignment2\Assignment2\CAssignment2.cpp">
      <Filter>Source Files</Filter>
    </ClCompile>
    <ClCompile Include="D:\KIT\Erstsemester\Pratikum_GPU Computing\Assignment2\Assignment2\CReductionTask.cpp">
      <Filter>Source Files</Filter>
    </ClCompile>
    <ClCompile Include="D:\KIT\Erstsemester\Pratikum_GPU Computing\Assignment2\Assignment2\CScanTask.cpp">
      <Filter>Source Files</Filter>
    </ClCompile>
    <ClCompile Include="D:\KIT\Erstsemester\Pratikum_GPU Computing\Assignment2\Assignment2\main.cpp">
      <Filter>Source Files</Filter>
    </ClCompile>
  </ItemGroup>
  <ItemGroup>
    <ClInclude Include="D:\KIT\Erstsemester\Pratikum_GPU Computing\Assignment2\Assignment2\CAssignment2.h">
      <Filter>Header Files</Filter>
    </ClInclude>
    <ClInclude Include="D:\KIT\Erstsemester\Pratikum_GPU Computing\Assignment2\Assignment2\CReductionTask.h">
      <Filter>Header Files</Filter>
    </ClInclude>
    <ClInclude Include="D:\KIT\Erstsemester\Pratikum_GPU Computing\Assignment2\Assignment2\CScanTask.h">
      <Filter>Header Files</Filter>
    </ClInclude>
  </ItemGroup>
  <ItemGroup>
    <CustomBuild Include="D:\KIT\Erstsemester\Pratikum_GPU Computing\Assignment2\Assignment2\CMakeLists.txt" />
  </ItemGroup>
  <ItemGroup>
    <None Include="D:\KIT\Erstsemester\Pratikum_GPU Computing\Assignment2\Assignment2\Reduction.cl" />
    <None Include="D:\KIT\Erstsemester\Pratikum_GPU Computing\Assignment2\Assignment2\Scan.cl" />
  </ItemGroup>
  <ItemGroup>
    <Filter Include="Source Files">
      <UniqueIdentifier>{5ACECC07-7E8A-33F2-89AB-E633AD9788EC}</UniqueIdentifier>
    </Filter>
    <Filter Include="Header Files">
      <UniqueIdentifier>{6330F2B2-B677-3A15-BAC1-37E64F449018}</UniqueIdentifier>
    </Filter>
  </ItemGroup>
</Project>
