Microsoft Visual Studio Solution File, Format Version 12.00
# Visual Studio 2013
Project("{8BC9CEB8-8B4A-11D0-8D11-00A0C91BC942}") = "ALL_BUILD", "ALL_BUILD.vcxproj", "{248CF5F4-DBD4-362E-A863-BC55145A3309}"
	ProjectSection(ProjectDependencies) = postProject
		{3B329AF4-DAF9-3297-8C25-BBBE3581C983} = {3B329AF4-DAF9-3297-8C25-BBBE3581C983}
		{06831B72-DEF6-3975-A422-6384CDD7358C} = {06831B72-DEF6-3975-A422-6384CDD7358C}
		{1B6908E5-212F-399B-98FE-64274A49BB97} = {1B6908E5-212F-399B-98FE-64274A49BB97}
	EndProjectSection
EndProject
Project("{8BC9CEB8-8B4A-11D0-8D11-00A0C91BC942}") = "Assignment", "Assignment.vcxproj", "{3B329AF4-DAF9-3297-8C25-BBBE3581C983}"
	ProjectSection(ProjectDependencies) = postProject
		{06831B72-DEF6-3975-A422-6384CDD7358C} = {06831B72-DEF6-3975-A422-6384CDD7358C}
		{1B6908E5-212F-399B-98FE-64274A49BB97} = {1B6908E5-212F-399B-98FE-64274A49BB97}
	EndProjectSection
EndProject
Project("{8BC9CEB8-8B4A-11D0-8D11-00A0C91BC942}") = "GPUCommon", "Common\GPUCommon.vcxproj", "{06831B72-DEF6-3975-A422-6384CDD7358C}"
	ProjectSection(ProjectDependencies) = postProject
		{1B6908E5-212F-399B-98FE-64274A49BB97} = {1B6908E5-212F-399B-98FE-64274A49BB97}
	EndProjectSection
EndProject
Project("{8BC9CEB8-8B4A-11D0-8D11-00A0C91BC942}") = "ZERO_CHECK", "ZERO_CHECK.vcxproj", "{1B6908E5-212F-399B-98FE-64274A49BB97}"
	ProjectSection(ProjectDependencies) = postProject
	EndProjectSection
EndProject
Global
	GlobalSection(SolutionConfigurationPlatforms) = preSolution
		Debug|Win32 = Debug|Win32
		Release|Win32 = Release|Win32
		MinSizeRel|Win32 = MinSizeRel|Win32
		RelWithDebInfo|Win32 = RelWithDebInfo|Win32
	EndGlobalSection
	GlobalSection(ProjectConfigurationPlatforms) = postSolution
		{248CF5F4-DBD4-362E-A863-BC55145A3309}.Debug|Win32.ActiveCfg = Debug|Win32
		{248CF5F4-DBD4-362E-A863-BC55145A3309}.Release|Win32.ActiveCfg = Release|Win32
		{248CF5F4-DBD4-362E-A863-BC55145A3309}.MinSizeRel|Win32.ActiveCfg = MinSizeRel|Win32
		{248CF5F4-DBD4-362E-A863-BC55145A3309}.RelWithDebInfo|Win32.ActiveCfg = RelWithDebInfo|Win32
		{3B329AF4-DAF9-3297-8C25-BBBE3581C983}.Debug|Win32.ActiveCfg = Debug|Win32
		{3B329AF4-DAF9-3297-8C25-BBBE3581C983}.Debug|Win32.Build.0 = Debug|Win32
		{3B329AF4-DAF9-3297-8C25-BBBE3581C983}.Release|Win32.ActiveCfg = Release|Win32
		{3B329AF4-DAF9-3297-8C25-BBBE3581C983}.Release|Win32.Build.0 = Release|Win32
		{3B329AF4-DAF9-3297-8C25-BBBE3581C983}.MinSizeRel|Win32.ActiveCfg = MinSizeRel|Win32
		{3B329AF4-DAF9-3297-8C25-BBBE3581C983}.MinSizeRel|Win32.Build.0 = MinSizeRel|Win32
		{3B329AF4-DAF9-3297-8C25-BBBE3581C983}.RelWithDebInfo|Win32.ActiveCfg = RelWithDebInfo|Win32
		{3B329AF4-DAF9-3297-8C25-BBBE3581C983}.RelWithDebInfo|Win32.Build.0 = RelWithDebInfo|Win32
		{06831B72-DEF6-3975-A422-6384CDD7358C}.Debug|Win32.ActiveCfg = Debug|Win32
		{06831B72-DEF6-3975-A422-6384CDD7358C}.Debug|Win32.Build.0 = Debug|Win32
		{06831B72-DEF6-3975-A422-6384CDD7358C}.Release|Win32.ActiveCfg = Release|Win32
		{06831B72-DEF6-3975-A422-6384CDD7358C}.Release|Win32.Build.0 = Release|Win32
		{06831B72-DEF6-3975-A422-6384CDD7358C}.MinSizeRel|Win32.ActiveCfg = MinSizeRel|Win32
		{06831B72-DEF6-3975-A422-6384CDD7358C}.MinSizeRel|Win32.Build.0 = MinSizeRel|Win32
		{06831B72-DEF6-3975-A422-6384CDD7358C}.RelWithDebInfo|Win32.ActiveCfg = RelWithDebInfo|Win32
		{06831B72-DEF6-3975-A422-6384CDD7358C}.RelWithDebInfo|Win32.Build.0 = RelWithDebInfo|Win32
		{1B6908E5-212F-399B-98FE-64274A49BB97}.Debug|Win32.ActiveCfg = Debug|Win32
		{1B6908E5-212F-399B-98FE-64274A49BB97}.Debug|Win32.Build.0 = Debug|Win32
		{1B6908E5-212F-399B-98FE-64274A49BB97}.Release|Win32.ActiveCfg = Release|Win32
		{1B6908E5-212F-399B-98FE-64274A49BB97}.Release|Win32.Build.0 = Release|Win32
		{1B6908E5-212F-399B-98FE-64274A49BB97}.MinSizeRel|Win32.ActiveCfg = MinSizeRel|Win32
		{1B6908E5-212F-399B-98FE-64274A49BB97}.MinSizeRel|Win32.Build.0 = MinSizeRel|Win32
		{1B6908E5-212F-399B-98FE-64274A49BB97}.RelWithDebInfo|Win32.ActiveCfg = RelWithDebInfo|Win32
		{1B6908E5-212F-399B-98FE-64274A49BB97}.RelWithDebInfo|Win32.Build.0 = RelWithDebInfo|Win32
	EndGlobalSection
	GlobalSection(ExtensibilityGlobals) = postSolution
	EndGlobalSection
	GlobalSection(ExtensibilityAddIns) = postSolution
	EndGlobalSection
EndGlobal
