<?xml version="1.0" encoding="UTF-8"?>
<Project ToolsVersion="12.0" xmlns="http://schemas.microsoft.com/developer/msbuild/2003">
  <ItemGroup>
    <CustomBuild Include="D:\KIT\Erstsemester\Pratikum_GPU Computing\Assignment2\Assignment2.build\CMakeFiles\345eb1e86d9e5c811d86a8414f7f9e60\generate.stamp.rule">
      <Filter>CMake Rules</Filter>
    </CustomBuild>
  </ItemGroup>
  <ItemGroup>
    <Filter Include="CMake Rules">
      <UniqueIdentifier>{E482BC9A-B761-3255-810E-BCBFEB99AF0E}</UniqueIdentifier>
    </Filter>
  </ItemGroup>
</Project>
